
Microsoft Visual Studio Solution File, Format Version 12.00
# Visual Studio Version 17
VisualStudioVersion = 17.11.35219.272
MinimumVisualStudioVersion = 10.0.40219.1
Project("{FAE04EC0-301F-11D3-BF4B-00C04F79EFBC}") = "prjSocaWeb", "prjSocaWeb\prjSocaWeb.csproj", "{F2C5AE05-E4CF-4784-A3C1-4B937261C713}"
EndProject
Global
	GlobalSection(SolutionConfigurationPlatforms) = preSolution
		Debug|Any CPU = Debug|Any CPU
		Release|Any CPU = Release|Any CPU
	EndGlobalSection
	GlobalSection(ProjectConfigurationPlatforms) = postSolution
		{F2C5AE05-E4CF-4784-A3C1-4B937261C713}.Debug|Any CPU.ActiveCfg = Debug|Any CPU
		{F2C5AE05-E4CF-4784-A3C1-4B937261C713}.Debug|Any CPU.Build.0 = Debug|Any CPU
		{F2C5AE05-E4CF-4784-A3C1-4B937261C713}.Release|Any CPU.ActiveCfg = Release|Any CPU
		{F2C5AE05-E4CF-4784-A3C1-4B937261C713}.Release|Any CPU.Build.0 = Release|Any CPU
	EndGlobalSection
	GlobalSection(SolutionProperties) = preSolution
		HideSolutionNode = FALSE
	EndGlobalSection
	GlobalSection(ExtensibilityGlobals) = postSolution
		SolutionGuid = {455FBB11-5BEA-4ED4-90F7-BA6F6BC1087F}
	EndGlobalSection
EndGlobal
